// !$*UTF8*$!
{
	archiveVersion = 1;
	classes = {
	};
	objectVersion = 56;
	objects = {

/* Begin PBXBuildFile section */
		2920AC8F2CA0977A006A2BE1 /* RegistrationEmailView.swift in Sources */ = {isa = PBXBuildFile; fileRef = 2920AC8E2CA0977A006A2BE1 /* RegistrationEmailView.swift */; };
		29226E042C984687002B6BA8 /* FirebaseAnalytics in Frameworks */ = {isa = PBXBuildFile; productRef = 29226E032C984687002B6BA8 /* FirebaseAnalytics */; };
		29226E072C98584C002B6BA8 /* FirebaseAuth in Frameworks */ = {isa = PBXBuildFile; productRef = 29226E062C98584C002B6BA8 /* FirebaseAuth */; };
		29226E0A2C9858D8002B6BA8 /* AuthenticationView.swift in Sources */ = {isa = PBXBuildFile; fileRef = 29226E092C9858D8002B6BA8 /* AuthenticationView.swift */; };
		29226E0C2C985A1F002B6BA8 /* SignInEmailView.swift in Sources */ = {isa = PBXBuildFile; fileRef = 29226E0B2C985A1F002B6BA8 /* SignInEmailView.swift */; };
		29226E0E2C985E90002B6BA8 /* AuthenticationManager.swift in Sources */ = {isa = PBXBuildFile; fileRef = 29226E0D2C985E90002B6BA8 /* AuthenticationManager.swift */; };
		29226E102C99D26B002B6BA8 /* SettingsView.swift in Sources */ = {isa = PBXBuildFile; fileRef = 29226E0F2C99D26B002B6BA8 /* SettingsView.swift */; };
		2927432A2CC8534900597D28 /* TabBarView.swift in Sources */ = {isa = PBXBuildFile; fileRef = 292743292CC8534900597D28 /* TabBarView.swift */; };
		2927432C2CC8535200597D28 /* TabBarViewModel.swift in Sources */ = {isa = PBXBuildFile; fileRef = 2927432B2CC8535200597D28 /* TabBarViewModel.swift */; };
		2939C4772CCAD9BE00E02014 /* RootView.swift in Sources */ = {isa = PBXBuildFile; fileRef = 2939C4762CCAD9BE00E02014 /* RootView.swift */; };
		2948A2AC2CD04B530032C43F /* ProfileView.swift in Sources */ = {isa = PBXBuildFile; fileRef = 2948A2AB2CD04B530032C43F /* ProfileView.swift */; };
		2948A2B42CD054410032C43F /* GoogleService-Info.plist in Resources */ = {isa = PBXBuildFile; fileRef = 2948A2B32CD054410032C43F /* GoogleService-Info.plist */; };
		2948A2B72CD254750032C43F /* MyChallengesView.swift in Sources */ = {isa = PBXBuildFile; fileRef = 2948A2B62CD254750032C43F /* MyChallengesView.swift */; };
		2948A2B92CD254820032C43F /* MyChallengesViewModel.swift in Sources */ = {isa = PBXBuildFile; fileRef = 2948A2B82CD254820032C43F /* MyChallengesViewModel.swift */; };
		29682B4F2CA80F1F0035F251 /* GoogleSignIn in Frameworks */ = {isa = PBXBuildFile; productRef = 29682B4E2CA80F1F0035F251 /* GoogleSignIn */; };
		29682B512CA80F1F0035F251 /* GoogleSignInSwift in Frameworks */ = {isa = PBXBuildFile; productRef = 29682B502CA80F1F0035F251 /* GoogleSignInSwift */; };
		29682B552CA813820035F251 /* Utilities.swift in Sources */ = {isa = PBXBuildFile; fileRef = 29682B542CA813820035F251 /* Utilities.swift */; };
		29682B572CA824000035F251 /* SignInGoogleHelper.swift in Sources */ = {isa = PBXBuildFile; fileRef = 29682B562CA824000035F251 /* SignInGoogleHelper.swift */; };
		296A06D12CA975AB00FE622D /* AuthenticationViewModel.swift in Sources */ = {isa = PBXBuildFile; fileRef = 296A06D02CA975AB00FE622D /* AuthenticationViewModel.swift */; };
		296A06D32CA97ED100FE622D /* SettingsViewModel.swift in Sources */ = {isa = PBXBuildFile; fileRef = 296A06D22CA97ED100FE622D /* SettingsViewModel.swift */; };
		296A06D72CA980F800FE622D /* SignInWithEmailViewModel.swift in Sources */ = {isa = PBXBuildFile; fileRef = 296A06D62CA980F800FE622D /* SignInWithEmailViewModel.swift */; };
		296A06D92CA9817D00FE622D /* RegistrationWithEmailViewModel.swift in Sources */ = {isa = PBXBuildFile; fileRef = 296A06D82CA9817D00FE622D /* RegistrationWithEmailViewModel.swift */; };
		296CFB502C1E1F66001E5D28 /* UserTest.swift in Sources */ = {isa = PBXBuildFile; fileRef = 296CFB4F2C1E1F66001E5D28 /* UserTest.swift */; };
		29717E882CAB1E08006A9DBE /* SignInAppleHelper.swift in Sources */ = {isa = PBXBuildFile; fileRef = 29717E872CAB1E08006A9DBE /* SignInAppleHelper.swift */; };
		297890C22C9D803300D350FA /* Errors.swift in Sources */ = {isa = PBXBuildFile; fileRef = 297890C12C9D803300D350FA /* Errors.swift */; };
		2980CE032C32EF920051E289 /* EditChallengeView.swift in Sources */ = {isa = PBXBuildFile; fileRef = 2980CE022C32EF920051E289 /* EditChallengeView.swift */; };
		2980CE0A2C429B490051E289 /* ExtensionBinding.swift in Sources */ = {isa = PBXBuildFile; fileRef = 2980CE092C429B490051E289 /* ExtensionBinding.swift */; };
		299174C82CB6B3E600304472 /* ChallengeManager.swift in Sources */ = {isa = PBXBuildFile; fileRef = 299174C72CB6B3E600304472 /* ChallengeManager.swift */; };
		299174CC2CB71B5200304472 /* ChallengesView.swift in Sources */ = {isa = PBXBuildFile; fileRef = 299174CB2CB71B5200304472 /* ChallengesView.swift */; };
		299174CE2CB71D1E00304472 /* ChallengesViewModel.swift in Sources */ = {isa = PBXBuildFile; fileRef = 299174CD2CB71D1E00304472 /* ChallengesViewModel.swift */; };
		299174D52CB81F1400304472 /* AddChallengeSheet.swift in Sources */ = {isa = PBXBuildFile; fileRef = 299174D42CB81F1400304472 /* AddChallengeSheet.swift */; };
		299174D72CB85E6D00304472 /* ChallengeGroupBoxView.swift in Sources */ = {isa = PBXBuildFile; fileRef = 299174D62CB85E6D00304472 /* ChallengeGroupBoxView.swift */; };
		29920FE82CCF94CD00326715 /* json-challenges12To244.json in Resources */ = {isa = PBXBuildFile; fileRef = 29920FE72CCF94CD00326715 /* json-challenges12To244.json */; };
		299B919D2CB31FDB00C03FE7 /* FirebaseFirestore in Frameworks */ = {isa = PBXBuildFile; productRef = 299B919C2CB31FDB00C03FE7 /* FirebaseFirestore */; };
		299B91A52CB3D5F000C03FE7 /* ProfileViewModel.swift in Sources */ = {isa = PBXBuildFile; fileRef = 299B91A42CB3D5F000C03FE7 /* ProfileViewModel.swift */; };
		299B91A72CB3FC2200C03FE7 /* UserManager.swift in Sources */ = {isa = PBXBuildFile; fileRef = 299B91A62CB3FC2200C03FE7 /* UserManager.swift */; };
		29A708012CD45BAD002154AB /* ChallengeGroupBoxViewBuilder.swift in Sources */ = {isa = PBXBuildFile; fileRef = 29A708002CD45BAD002154AB /* ChallengeGroupBoxViewBuilder.swift */; };
		29C656DB2C1D91EE0049C74C /* GralometerApp.swift in Sources */ = {isa = PBXBuildFile; fileRef = 29C656DA2C1D91EE0049C74C /* GralometerApp.swift */; };
		29C656DF2C1D91F00049C74C /* Assets.xcassets in Resources */ = {isa = PBXBuildFile; fileRef = 29C656DE2C1D91F00049C74C /* Assets.xcassets */; };
		29C656E32C1D91F00049C74C /* Preview Assets.xcassets in Resources */ = {isa = PBXBuildFile; fileRef = 29C656E22C1D91F00049C74C /* Preview Assets.xcassets */; };
		29C656EA2C1D94530049C74C /* ChallengeGroupBoxStyle.swift in Sources */ = {isa = PBXBuildFile; fileRef = 29C656E92C1D94530049C74C /* ChallengeGroupBoxStyle.swift */; };
		29C656EE2C1D9CE60049C74C /* SwiftDataChallenge.swift in Sources */ = {isa = PBXBuildFile; fileRef = 29C656ED2C1D9CE60049C74C /* SwiftDataChallenge.swift */; };
		29C656F02C1D9DA50049C74C /* ChallengeCardView.swift in Sources */ = {isa = PBXBuildFile; fileRef = 29C656EF2C1D9DA50049C74C /* ChallengeCardView.swift */; };
		29F7193E2C60D9B5003AD779 /* ChallengeDetailView.swift in Sources */ = {isa = PBXBuildFile; fileRef = 29F7193D2C60D9B5003AD779 /* ChallengeDetailView.swift */; };
		29FCDF5C2CBAA403008E4658 /* ColorSchemeManager.swift in Sources */ = {isa = PBXBuildFile; fileRef = 29FCDF5B2CBAA403008E4658 /* ColorSchemeManager.swift */; };
		29FD24F42C60D23C003C6A80 /* AppData.swift in Sources */ = {isa = PBXBuildFile; fileRef = 29FD24F32C60D23C003C6A80 /* AppData.swift */; };
/* End PBXBuildFile section */

/* Begin PBXFileReference section */
		2920AC8E2CA0977A006A2BE1 /* RegistrationEmailView.swift */ = {isa = PBXFileReference; lastKnownFileType = sourcecode.swift; path = RegistrationEmailView.swift; sourceTree = "<group>"; };
		29226E092C9858D8002B6BA8 /* AuthenticationView.swift */ = {isa = PBXFileReference; lastKnownFileType = sourcecode.swift; path = AuthenticationView.swift; sourceTree = "<group>"; };
		29226E0B2C985A1F002B6BA8 /* SignInEmailView.swift */ = {isa = PBXFileReference; lastKnownFileType = sourcecode.swift; path = SignInEmailView.swift; sourceTree = "<group>"; };
		29226E0D2C985E90002B6BA8 /* AuthenticationManager.swift */ = {isa = PBXFileReference; lastKnownFileType = sourcecode.swift; path = AuthenticationManager.swift; sourceTree = "<group>"; };
		29226E0F2C99D26B002B6BA8 /* SettingsView.swift */ = {isa = PBXFileReference; lastKnownFileType = sourcecode.swift; path = SettingsView.swift; sourceTree = "<group>"; };
		292743292CC8534900597D28 /* TabBarView.swift */ = {isa = PBXFileReference; lastKnownFileType = sourcecode.swift; path = TabBarView.swift; sourceTree = "<group>"; };
		2927432B2CC8535200597D28 /* TabBarViewModel.swift */ = {isa = PBXFileReference; lastKnownFileType = sourcecode.swift; path = TabBarViewModel.swift; sourceTree = "<group>"; };
		2939C4762CCAD9BE00E02014 /* RootView.swift */ = {isa = PBXFileReference; lastKnownFileType = sourcecode.swift; path = RootView.swift; sourceTree = "<group>"; };
		2948A2AB2CD04B530032C43F /* ProfileView.swift */ = {isa = PBXFileReference; lastKnownFileType = sourcecode.swift; path = ProfileView.swift; sourceTree = "<group>"; };
		2948A2AF2CD053EB0032C43F /* GoogleService-Info.plist */ = {isa = PBXFileReference; lastKnownFileType = text.plist.xml; path = "GoogleService-Info.plist"; sourceTree = "<group>"; };
		2948A2B02CD053EB0032C43F /* Info.plist */ = {isa = PBXFileReference; lastKnownFileType = text.plist; path = Info.plist; sourceTree = "<group>"; };
		2948A2B12CD053EB0032C43F /* Screenshot 2024-10-29 at 00.12.16.png */ = {isa = PBXFileReference; lastKnownFileType = image.png; path = "Screenshot 2024-10-29 at 00.12.16.png"; sourceTree = "<group>"; };
		2948A2B32CD054410032C43F /* GoogleService-Info.plist */ = {isa = PBXFileReference; lastKnownFileType = text.plist.xml; path = "GoogleService-Info.plist"; sourceTree = "<group>"; };
		2948A2B62CD254750032C43F /* MyChallengesView.swift */ = {isa = PBXFileReference; lastKnownFileType = sourcecode.swift; path = MyChallengesView.swift; sourceTree = "<group>"; };
		2948A2B82CD254820032C43F /* MyChallengesViewModel.swift */ = {isa = PBXFileReference; lastKnownFileType = sourcecode.swift; path = MyChallengesViewModel.swift; sourceTree = "<group>"; };
		29682B522CA80F720035F251 /* Info.plist */ = {isa = PBXFileReference; lastKnownFileType = text.plist.xml; path = Info.plist; sourceTree = "<group>"; };
		29682B542CA813820035F251 /* Utilities.swift */ = {isa = PBXFileReference; lastKnownFileType = sourcecode.swift; path = Utilities.swift; sourceTree = "<group>"; };
		29682B562CA824000035F251 /* SignInGoogleHelper.swift */ = {isa = PBXFileReference; lastKnownFileType = sourcecode.swift; path = SignInGoogleHelper.swift; sourceTree = "<group>"; };
		296A06D02CA975AB00FE622D /* AuthenticationViewModel.swift */ = {isa = PBXFileReference; lastKnownFileType = sourcecode.swift; path = AuthenticationViewModel.swift; sourceTree = "<group>"; };
		296A06D22CA97ED100FE622D /* SettingsViewModel.swift */ = {isa = PBXFileReference; lastKnownFileType = sourcecode.swift; path = SettingsViewModel.swift; sourceTree = "<group>"; };
		296A06D62CA980F800FE622D /* SignInWithEmailViewModel.swift */ = {isa = PBXFileReference; lastKnownFileType = sourcecode.swift; path = SignInWithEmailViewModel.swift; sourceTree = "<group>"; };
		296A06D82CA9817D00FE622D /* RegistrationWithEmailViewModel.swift */ = {isa = PBXFileReference; lastKnownFileType = sourcecode.swift; path = RegistrationWithEmailViewModel.swift; sourceTree = "<group>"; };
		296CFB4F2C1E1F66001E5D28 /* UserTest.swift */ = {isa = PBXFileReference; lastKnownFileType = sourcecode.swift; path = UserTest.swift; sourceTree = "<group>"; };
		29717E872CAB1E08006A9DBE /* SignInAppleHelper.swift */ = {isa = PBXFileReference; lastKnownFileType = sourcecode.swift; path = SignInAppleHelper.swift; sourceTree = "<group>"; };
		297890C12C9D803300D350FA /* Errors.swift */ = {isa = PBXFileReference; lastKnownFileType = sourcecode.swift; path = Errors.swift; sourceTree = "<group>"; };
		2980CE022C32EF920051E289 /* EditChallengeView.swift */ = {isa = PBXFileReference; lastKnownFileType = sourcecode.swift; path = EditChallengeView.swift; sourceTree = "<group>"; };
		2980CE092C429B490051E289 /* ExtensionBinding.swift */ = {isa = PBXFileReference; lastKnownFileType = sourcecode.swift; path = ExtensionBinding.swift; sourceTree = "<group>"; };
		299174C72CB6B3E600304472 /* ChallengeManager.swift */ = {isa = PBXFileReference; lastKnownFileType = sourcecode.swift; path = ChallengeManager.swift; sourceTree = "<group>"; };
		299174CB2CB71B5200304472 /* ChallengesView.swift */ = {isa = PBXFileReference; lastKnownFileType = sourcecode.swift; path = ChallengesView.swift; sourceTree = "<group>"; };
		299174CD2CB71D1E00304472 /* ChallengesViewModel.swift */ = {isa = PBXFileReference; lastKnownFileType = sourcecode.swift; path = ChallengesViewModel.swift; sourceTree = "<group>"; };
		299174D42CB81F1400304472 /* AddChallengeSheet.swift */ = {isa = PBXFileReference; lastKnownFileType = sourcecode.swift; path = AddChallengeSheet.swift; sourceTree = "<group>"; };
		299174D62CB85E6D00304472 /* ChallengeGroupBoxView.swift */ = {isa = PBXFileReference; lastKnownFileType = sourcecode.swift; path = ChallengeGroupBoxView.swift; sourceTree = "<group>"; };
		29920FE72CCF94CD00326715 /* json-challenges12To244.json */ = {isa = PBXFileReference; lastKnownFileType = text.json; path = "json-challenges12To244.json"; sourceTree = "<group>"; };
		299B91A42CB3D5F000C03FE7 /* ProfileViewModel.swift */ = {isa = PBXFileReference; lastKnownFileType = sourcecode.swift; path = ProfileViewModel.swift; sourceTree = "<group>"; };
		299B91A62CB3FC2200C03FE7 /* UserManager.swift */ = {isa = PBXFileReference; lastKnownFileType = sourcecode.swift; path = UserManager.swift; sourceTree = "<group>"; };
		29A708002CD45BAD002154AB /* ChallengeGroupBoxViewBuilder.swift */ = {isa = PBXFileReference; lastKnownFileType = sourcecode.swift; path = ChallengeGroupBoxViewBuilder.swift; sourceTree = "<group>"; };
		29C656D72C1D91EE0049C74C /* Gralometer.app */ = {isa = PBXFileReference; explicitFileType = wrapper.application; includeInIndex = 0; path = Gralometer.app; sourceTree = BUILT_PRODUCTS_DIR; };
		29C656DA2C1D91EE0049C74C /* GralometerApp.swift */ = {isa = PBXFileReference; lastKnownFileType = sourcecode.swift; path = GralometerApp.swift; sourceTree = "<group>"; };
		29C656DE2C1D91F00049C74C /* Assets.xcassets */ = {isa = PBXFileReference; lastKnownFileType = folder.assetcatalog; path = Assets.xcassets; sourceTree = "<group>"; };
		29C656E02C1D91F00049C74C /* Gralometer.entitlements */ = {isa = PBXFileReference; lastKnownFileType = text.plist.entitlements; path = Gralometer.entitlements; sourceTree = "<group>"; };
		29C656E22C1D91F00049C74C /* Preview Assets.xcassets */ = {isa = PBXFileReference; lastKnownFileType = folder.assetcatalog; path = "Preview Assets.xcassets"; sourceTree = "<group>"; };
		29C656E92C1D94530049C74C /* ChallengeGroupBoxStyle.swift */ = {isa = PBXFileReference; lastKnownFileType = sourcecode.swift; path = ChallengeGroupBoxStyle.swift; sourceTree = "<group>"; };
		29C656ED2C1D9CE60049C74C /* SwiftDataChallenge.swift */ = {isa = PBXFileReference; lastKnownFileType = sourcecode.swift; path = SwiftDataChallenge.swift; sourceTree = "<group>"; };
		29C656EF2C1D9DA50049C74C /* ChallengeCardView.swift */ = {isa = PBXFileReference; lastKnownFileType = sourcecode.swift; path = ChallengeCardView.swift; sourceTree = "<group>"; };
		29F7193D2C60D9B5003AD779 /* ChallengeDetailView.swift */ = {isa = PBXFileReference; lastKnownFileType = sourcecode.swift; path = ChallengeDetailView.swift; sourceTree = "<group>"; };
		29FCDF5B2CBAA403008E4658 /* ColorSchemeManager.swift */ = {isa = PBXFileReference; lastKnownFileType = sourcecode.swift; path = ColorSchemeManager.swift; sourceTree = "<group>"; };
		29FD24F32C60D23C003C6A80 /* AppData.swift */ = {isa = PBXFileReference; lastKnownFileType = sourcecode.swift; path = AppData.swift; sourceTree = "<group>"; };
/* End PBXFileReference section */

/* Begin PBXFrameworksBuildPhase section */
		29C656D42C1D91EE0049C74C /* Frameworks */ = {
			isa = PBXFrameworksBuildPhase;
			buildActionMask = 2147483647;
			files = (
				29226E042C984687002B6BA8 /* FirebaseAnalytics in Frameworks */,
				29226E072C98584C002B6BA8 /* FirebaseAuth in Frameworks */,
				29682B4F2CA80F1F0035F251 /* GoogleSignIn in Frameworks */,
				299B919D2CB31FDB00C03FE7 /* FirebaseFirestore in Frameworks */,
				29682B512CA80F1F0035F251 /* GoogleSignInSwift in Frameworks */,
			);
			runOnlyForDeploymentPostprocessing = 0;
		};
/* End PBXFrameworksBuildPhase section */

/* Begin PBXGroup section */
		29226E052C98584C002B6BA8 /* Frameworks */ = {
			isa = PBXGroup;
			children = (
			);
			name = Frameworks;
			sourceTree = "<group>";
		};
		29226E082C9858CB002B6BA8 /* Authentication */ = {
			isa = PBXGroup;
			children = (
				29226E0D2C985E90002B6BA8 /* AuthenticationManager.swift */,
				29226E092C9858D8002B6BA8 /* AuthenticationView.swift */,
				296A06D02CA975AB00FE622D /* AuthenticationViewModel.swift */,
				29682B562CA824000035F251 /* SignInGoogleHelper.swift */,
				29717E872CAB1E08006A9DBE /* SignInAppleHelper.swift */,
				299B91A02CB3D45100C03FE7 /* SubViews */,
			);
			path = Authentication;
			sourceTree = "<group>";
		};
		292743282CC8532C00597D28 /* TabBar */ = {
			isa = PBXGroup;
			children = (
				292743292CC8534900597D28 /* TabBarView.swift */,
				2927432B2CC8535200597D28 /* TabBarViewModel.swift */,
			);
			path = TabBar;
			sourceTree = "<group>";
		};
		29281A962C86FEE000C9F5A2 /* Styling */ = {
			isa = PBXGroup;
			children = (
				299174D62CB85E6D00304472 /* ChallengeGroupBoxView.swift */,
				29A708002CD45BAD002154AB /* ChallengeGroupBoxViewBuilder.swift */,
				29C656E92C1D94530049C74C /* ChallengeGroupBoxStyle.swift */,
			);
			path = Styling;
			sourceTree = "<group>";
		};
		2948A2A92CD0499D0032C43F /* ChallengesFeed */ = {
			isa = PBXGroup;
			children = (
				299174CB2CB71B5200304472 /* ChallengesView.swift */,
				299174CD2CB71D1E00304472 /* ChallengesViewModel.swift */,
				2948A2AA2CD04A5D0032C43F /* SubViews */,
			);
			path = ChallengesFeed;
			sourceTree = "<group>";
		};
		2948A2AA2CD04A5D0032C43F /* SubViews */ = {
			isa = PBXGroup;
			children = (
				29F7193D2C60D9B5003AD779 /* ChallengeDetailView.swift */,
				29C656EF2C1D9DA50049C74C /* ChallengeCardView.swift */,
				299174D42CB81F1400304472 /* AddChallengeSheet.swift */,
				2980CE022C32EF920051E289 /* EditChallengeView.swift */,
			);
			path = SubViews;
			sourceTree = "<group>";
		};
		2948A2B22CD053EB0032C43F /* Gralometer files */ = {
			isa = PBXGroup;
			children = (
				2948A2AF2CD053EB0032C43F /* GoogleService-Info.plist */,
				2948A2B02CD053EB0032C43F /* Info.plist */,
				2948A2B12CD053EB0032C43F /* Screenshot 2024-10-29 at 00.12.16.png */,
			);
			path = "Gralometer files";
			sourceTree = "<group>";
		};
		2948A2B52CD254560032C43F /* MyChallengesView */ = {
			isa = PBXGroup;
			children = (
				2948A2B62CD254750032C43F /* MyChallengesView.swift */,
				2948A2B82CD254820032C43F /* MyChallengesViewModel.swift */,
			);
			path = MyChallengesView;
			sourceTree = "<group>";
		};
		29682B532CA8136B0035F251 /* Utilities */ = {
			isa = PBXGroup;
			children = (
				29682B542CA813820035F251 /* Utilities.swift */,
				297890C12C9D803300D350FA /* Errors.swift */,
				29920FE72CCF94CD00326715 /* json-challenges12To244.json */,
			);
			path = Utilities;
			sourceTree = "<group>";
		};
		2980CE082C429AF20051E289 /* Extensions */ = {
			isa = PBXGroup;
			children = (
				2980CE092C429B490051E289 /* ExtensionBinding.swift */,
			);
			path = Extensions;
			sourceTree = "<group>";
		};
		299174CF2CB71E9C00304472 /* FireStore */ = {
			isa = PBXGroup;
			children = (
				299B91A62CB3FC2200C03FE7 /* UserManager.swift */,
				299174C72CB6B3E600304472 /* ChallengeManager.swift */,
				29FCDF5B2CBAA403008E4658 /* ColorSchemeManager.swift */,
			);
			path = FireStore;
			sourceTree = "<group>";
		};
		299B919E2CB3D3E700C03FE7 /* Core */ = {
			isa = PBXGroup;
			children = (
				2939C4762CCAD9BE00E02014 /* RootView.swift */,
				292743282CC8532C00597D28 /* TabBar */,
				2948A2B52CD254560032C43F /* MyChallengesView */,
				2948A2A92CD0499D0032C43F /* ChallengesFeed */,
				299B91A12CB3D4A000C03FE7 /* Profile */,
				299B919F2CB3D40A00C03FE7 /* Settings */,
				29226E082C9858CB002B6BA8 /* Authentication */,
			);
			path = Core;
			sourceTree = "<group>";
		};
		299B919F2CB3D40A00C03FE7 /* Settings */ = {
			isa = PBXGroup;
			children = (
				29226E0F2C99D26B002B6BA8 /* SettingsView.swift */,
				296A06D22CA97ED100FE622D /* SettingsViewModel.swift */,
			);
			path = Settings;
			sourceTree = "<group>";
		};
		299B91A02CB3D45100C03FE7 /* SubViews */ = {
			isa = PBXGroup;
			children = (
				29226E0B2C985A1F002B6BA8 /* SignInEmailView.swift */,
				296A06D62CA980F800FE622D /* SignInWithEmailViewModel.swift */,
				2920AC8E2CA0977A006A2BE1 /* RegistrationEmailView.swift */,
				296A06D82CA9817D00FE622D /* RegistrationWithEmailViewModel.swift */,
			);
			path = SubViews;
			sourceTree = "<group>";
		};
		299B91A12CB3D4A000C03FE7 /* Profile */ = {
			isa = PBXGroup;
			children = (
				2948A2AB2CD04B530032C43F /* ProfileView.swift */,
				299B91A42CB3D5F000C03FE7 /* ProfileViewModel.swift */,
			);
			path = Profile;
			sourceTree = "<group>";
		};
		29C656CE2C1D91EE0049C74C = {
			isa = PBXGroup;
			children = (
				2948A2B22CD053EB0032C43F /* Gralometer files */,
				299174CF2CB71E9C00304472 /* FireStore */,
				299B919E2CB3D3E700C03FE7 /* Core */,
				29682B532CA8136B0035F251 /* Utilities */,
				29FD24F62C60D299003C6A80 /* Model */,
				29C656D92C1D91EE0049C74C /* Gralometer */,
				29281A962C86FEE000C9F5A2 /* Styling */,
				2980CE082C429AF20051E289 /* Extensions */,
				29FD24F52C60D248003C6A80 /* AppData */,
				29C656D82C1D91EE0049C74C /* Products */,
				29226E052C98584C002B6BA8 /* Frameworks */,
			);
			sourceTree = "<group>";
		};
		29C656D82C1D91EE0049C74C /* Products */ = {
			isa = PBXGroup;
			children = (
				29C656D72C1D91EE0049C74C /* Gralometer.app */,
			);
			name = Products;
			sourceTree = "<group>";
		};
		29C656D92C1D91EE0049C74C /* Gralometer */ = {
			isa = PBXGroup;
			children = (
				29C656DA2C1D91EE0049C74C /* GralometerApp.swift */,
				29682B522CA80F720035F251 /* Info.plist */,
				29C656DE2C1D91F00049C74C /* Assets.xcassets */,
				2948A2B32CD054410032C43F /* GoogleService-Info.plist */,
				29C656E02C1D91F00049C74C /* Gralometer.entitlements */,
				29C656E12C1D91F00049C74C /* Preview Content */,
			);
			path = Gralometer;
			sourceTree = "<group>";
		};
		29C656E12C1D91F00049C74C /* Preview Content */ = {
			isa = PBXGroup;
			children = (
				29C656E22C1D91F00049C74C /* Preview Assets.xcassets */,
			);
			path = "Preview Content";
			sourceTree = "<group>";
		};
		29FD24F52C60D248003C6A80 /* AppData */ = {
			isa = PBXGroup;
			children = (
				29FD24F32C60D23C003C6A80 /* AppData.swift */,
			);
			path = AppData;
			sourceTree = "<group>";
		};
		29FD24F62C60D299003C6A80 /* Model */ = {
			isa = PBXGroup;
			children = (
				29C656ED2C1D9CE60049C74C /* SwiftDataChallenge.swift */,
				296CFB4F2C1E1F66001E5D28 /* UserTest.swift */,
			);
			path = Model;
			sourceTree = "<group>";
		};
/* End PBXGroup section */

/* Begin PBXNativeTarget section */
		29C656D62C1D91EE0049C74C /* Gralometer */ = {
			isa = PBXNativeTarget;
			buildConfigurationList = 29C656E62C1D91F00049C74C /* Build configuration list for PBXNativeTarget "Gralometer" */;
			buildPhases = (
				29C656D32C1D91EE0049C74C /* Sources */,
				29C656D42C1D91EE0049C74C /* Frameworks */,
				29C656D52C1D91EE0049C74C /* Resources */,
			);
			buildRules = (
			);
			dependencies = (
			);
			name = Gralometer;
			packageProductDependencies = (
				29226E032C984687002B6BA8 /* FirebaseAnalytics */,
				29226E062C98584C002B6BA8 /* FirebaseAuth */,
				29682B4E2CA80F1F0035F251 /* GoogleSignIn */,
				29682B502CA80F1F0035F251 /* GoogleSignInSwift */,
				299B919C2CB31FDB00C03FE7 /* FirebaseFirestore */,
			);
			productName = Gralometer;
			productReference = 29C656D72C1D91EE0049C74C /* Gralometer.app */;
			productType = "com.apple.product-type.application";
		};
/* End PBXNativeTarget section */

/* Begin PBXProject section */
		29C656CF2C1D91EE0049C74C /* Project object */ = {
			isa = PBXProject;
			attributes = {
				BuildIndependentTargetsInParallel = 1;
				LastSwiftUpdateCheck = 1540;
				LastUpgradeCheck = 1600;
				TargetAttributes = {
					29C656D62C1D91EE0049C74C = {
						CreatedOnToolsVersion = 15.4;
					};
				};
			};
			buildConfigurationList = 29C656D22C1D91EE0049C74C /* Build configuration list for PBXProject "Gralometer" */;
			compatibilityVersion = "Xcode 14.0";
			developmentRegion = en;
			hasScannedForEncodings = 0;
			knownRegions = (
				en,
				Base,
			);
			mainGroup = 29C656CE2C1D91EE0049C74C;
			packageReferences = (
				29226E022C984687002B6BA8 /* XCRemoteSwiftPackageReference "firebase-ios-sdk" */,
				29682B4D2CA80F1F0035F251 /* XCRemoteSwiftPackageReference "GoogleSignIn-iOS" */,
			);
			productRefGroup = 29C656D82C1D91EE0049C74C /* Products */;
			projectDirPath = "";
			projectRoot = "";
			targets = (
				29C656D62C1D91EE0049C74C /* Gralometer */,
			);
		};
/* End PBXProject section */

/* Begin PBXResourcesBuildPhase section */
		29C656D52C1D91EE0049C74C /* Resources */ = {
			isa = PBXResourcesBuildPhase;
			buildActionMask = 2147483647;
			files = (
				29920FE82CCF94CD00326715 /* json-challenges12To244.json in Resources */,
				2948A2B42CD054410032C43F /* GoogleService-Info.plist in Resources */,
				29C656E32C1D91F00049C74C /* Preview Assets.xcassets in Resources */,
				29C656DF2C1D91F00049C74C /* Assets.xcassets in Resources */,
			);
			runOnlyForDeploymentPostprocessing = 0;
		};
/* End PBXResourcesBuildPhase section */

/* Begin PBXSourcesBuildPhase section */
		29C656D32C1D91EE0049C74C /* Sources */ = {
			isa = PBXSourcesBuildPhase;
			buildActionMask = 2147483647;
			files = (
				29FCDF5C2CBAA403008E4658 /* ColorSchemeManager.swift in Sources */,
				297890C22C9D803300D350FA /* Errors.swift in Sources */,
				296A06D12CA975AB00FE622D /* AuthenticationViewModel.swift in Sources */,
				29C656EA2C1D94530049C74C /* ChallengeGroupBoxStyle.swift in Sources */,
				29C656DB2C1D91EE0049C74C /* GralometerApp.swift in Sources */,
				299174CE2CB71D1E00304472 /* ChallengesViewModel.swift in Sources */,
				299174D72CB85E6D00304472 /* ChallengeGroupBoxView.swift in Sources */,
				29682B572CA824000035F251 /* SignInGoogleHelper.swift in Sources */,
				2920AC8F2CA0977A006A2BE1 /* RegistrationEmailView.swift in Sources */,
				29A708012CD45BAD002154AB /* ChallengeGroupBoxViewBuilder.swift in Sources */,
				29C656F02C1D9DA50049C74C /* ChallengeCardView.swift in Sources */,
				29717E882CAB1E08006A9DBE /* SignInAppleHelper.swift in Sources */,
				29C656EE2C1D9CE60049C74C /* SwiftDataChallenge.swift in Sources */,
				2948A2AC2CD04B530032C43F /* ProfileView.swift in Sources */,
				2980CE032C32EF920051E289 /* EditChallengeView.swift in Sources */,
				2980CE0A2C429B490051E289 /* ExtensionBinding.swift in Sources */,
				29226E102C99D26B002B6BA8 /* SettingsView.swift in Sources */,
				296A06D92CA9817D00FE622D /* RegistrationWithEmailViewModel.swift in Sources */,
				299B91A52CB3D5F000C03FE7 /* ProfileViewModel.swift in Sources */,
				29682B552CA813820035F251 /* Utilities.swift in Sources */,
				2927432A2CC8534900597D28 /* TabBarView.swift in Sources */,
				299B91A72CB3FC2200C03FE7 /* UserManager.swift in Sources */,
				2939C4772CCAD9BE00E02014 /* RootView.swift in Sources */,
				29226E0E2C985E90002B6BA8 /* AuthenticationManager.swift in Sources */,
				299174C82CB6B3E600304472 /* ChallengeManager.swift in Sources */,
				29226E0C2C985A1F002B6BA8 /* SignInEmailView.swift in Sources */,
				296A06D72CA980F800FE622D /* SignInWithEmailViewModel.swift in Sources */,
				2948A2B92CD254820032C43F /* MyChallengesViewModel.swift in Sources */,
				299174D52CB81F1400304472 /* AddChallengeSheet.swift in Sources */,
				296A06D32CA97ED100FE622D /* SettingsViewModel.swift in Sources */,
				29226E0A2C9858D8002B6BA8 /* AuthenticationView.swift in Sources */,
				299174CC2CB71B5200304472 /* ChallengesView.swift in Sources */,
				29F7193E2C60D9B5003AD779 /* ChallengeDetailView.swift in Sources */,
				2948A2B72CD254750032C43F /* MyChallengesView.swift in Sources */,
				296CFB502C1E1F66001E5D28 /* UserTest.swift in Sources */,
				2927432C2CC8535200597D28 /* TabBarViewModel.swift in Sources */,
				29FD24F42C60D23C003C6A80 /* AppData.swift in Sources */,
			);
			runOnlyForDeploymentPostprocessing = 0;
		};
/* End PBXSourcesBuildPhase section */

/* Begin XCBuildConfiguration section */
		29C656E42C1D91F00049C74C /* Debug */ = {
			isa = XCBuildConfiguration;
			buildSettings = {
				ALWAYS_SEARCH_USER_PATHS = NO;
				ASSETCATALOG_COMPILER_GENERATE_SWIFT_ASSET_SYMBOL_EXTENSIONS = YES;
				CLANG_ANALYZER_NONNULL = YES;
				CLANG_ANALYZER_NUMBER_OBJECT_CONVERSION = YES_AGGRESSIVE;
				CLANG_CXX_LANGUAGE_STANDARD = "gnu++20";
				CLANG_ENABLE_MODULES = YES;
				CLANG_ENABLE_OBJC_ARC = YES;
				CLANG_ENABLE_OBJC_WEAK = YES;
				CLANG_WARN_BLOCK_CAPTURE_AUTORELEASING = YES;
				CLANG_WARN_BOOL_CONVERSION = YES;
				CLANG_WARN_COMMA = YES;
				CLANG_WARN_CONSTANT_CONVERSION = YES;
				CLANG_WARN_DEPRECATED_OBJC_IMPLEMENTATIONS = YES;
				CLANG_WARN_DIRECT_OBJC_ISA_USAGE = YES_ERROR;
				CLANG_WARN_DOCUMENTATION_COMMENTS = YES;
				CLANG_WARN_EMPTY_BODY = YES;
				CLANG_WARN_ENUM_CONVERSION = YES;
				CLANG_WARN_INFINITE_RECURSION = YES;
				CLANG_WARN_INT_CONVERSION = YES;
				CLANG_WARN_NON_LITERAL_NULL_CONVERSION = YES;
				CLANG_WARN_OBJC_IMPLICIT_RETAIN_SELF = YES;
				CLANG_WARN_OBJC_LITERAL_CONVERSION = YES;
				CLANG_WARN_OBJC_ROOT_CLASS = YES_ERROR;
				CLANG_WARN_QUOTED_INCLUDE_IN_FRAMEWORK_HEADER = YES;
				CLANG_WARN_RANGE_LOOP_ANALYSIS = YES;
				CLANG_WARN_STRICT_PROTOTYPES = YES;
				CLANG_WARN_SUSPICIOUS_MOVE = YES;
				CLANG_WARN_UNGUARDED_AVAILABILITY = YES_AGGRESSIVE;
				CLANG_WARN_UNREACHABLE_CODE = YES;
				CLANG_WARN__DUPLICATE_METHOD_MATCH = YES;
				COPY_PHASE_STRIP = NO;
				DEAD_CODE_STRIPPING = YES;
				DEBUG_INFORMATION_FORMAT = dwarf;
				ENABLE_STRICT_OBJC_MSGSEND = YES;
				ENABLE_TESTABILITY = YES;
				ENABLE_USER_SCRIPT_SANDBOXING = YES;
				GCC_C_LANGUAGE_STANDARD = gnu17;
				GCC_DYNAMIC_NO_PIC = NO;
				GCC_NO_COMMON_BLOCKS = YES;
				GCC_OPTIMIZATION_LEVEL = 0;
				GCC_PREPROCESSOR_DEFINITIONS = (
					"DEBUG=1",
					"$(inherited)",
				);
				GCC_WARN_64_TO_32_BIT_CONVERSION = YES;
				GCC_WARN_ABOUT_RETURN_TYPE = YES_ERROR;
				GCC_WARN_UNDECLARED_SELECTOR = YES;
				GCC_WARN_UNINITIALIZED_AUTOS = YES_AGGRESSIVE;
				GCC_WARN_UNUSED_FUNCTION = YES;
				GCC_WARN_UNUSED_VARIABLE = YES;
				LOCALIZATION_PREFERS_STRING_CATALOGS = YES;
				MTL_ENABLE_DEBUG_INFO = INCLUDE_SOURCE;
				MTL_FAST_MATH = YES;
				ONLY_ACTIVE_ARCH = YES;
				SWIFT_ACTIVE_COMPILATION_CONDITIONS = "DEBUG $(inherited)";
				SWIFT_OPTIMIZATION_LEVEL = "-Onone";
			};
			name = Debug;
		};
		29C656E52C1D91F00049C74C /* Release */ = {
			isa = XCBuildConfiguration;
			buildSettings = {
				ALWAYS_SEARCH_USER_PATHS = NO;
				ASSETCATALOG_COMPILER_GENERATE_SWIFT_ASSET_SYMBOL_EXTENSIONS = YES;
				CLANG_ANALYZER_NONNULL = YES;
				CLANG_ANALYZER_NUMBER_OBJECT_CONVERSION = YES_AGGRESSIVE;
				CLANG_CXX_LANGUAGE_STANDARD = "gnu++20";
				CLANG_ENABLE_MODULES = YES;
				CLANG_ENABLE_OBJC_ARC = YES;
				CLANG_ENABLE_OBJC_WEAK = YES;
				CLANG_WARN_BLOCK_CAPTURE_AUTORELEASING = YES;
				CLANG_WARN_BOOL_CONVERSION = YES;
				CLANG_WARN_COMMA = YES;
				CLANG_WARN_CONSTANT_CONVERSION = YES;
				CLANG_WARN_DEPRECATED_OBJC_IMPLEMENTATIONS = YES;
				CLANG_WARN_DIRECT_OBJC_ISA_USAGE = YES_ERROR;
				CLANG_WARN_DOCUMENTATION_COMMENTS = YES;
				CLANG_WARN_EMPTY_BODY = YES;
				CLANG_WARN_ENUM_CONVERSION = YES;
				CLANG_WARN_INFINITE_RECURSION = YES;
				CLANG_WARN_INT_CONVERSION = YES;
				CLANG_WARN_NON_LITERAL_NULL_CONVERSION = YES;
				CLANG_WARN_OBJC_IMPLICIT_RETAIN_SELF = YES;
				CLANG_WARN_OBJC_LITERAL_CONVERSION = YES;
				CLANG_WARN_OBJC_ROOT_CLASS = YES_ERROR;
				CLANG_WARN_QUOTED_INCLUDE_IN_FRAMEWORK_HEADER = YES;
				CLANG_WARN_RANGE_LOOP_ANALYSIS = YES;
				CLANG_WARN_STRICT_PROTOTYPES = YES;
				CLANG_WARN_SUSPICIOUS_MOVE = YES;
				CLANG_WARN_UNGUARDED_AVAILABILITY = YES_AGGRESSIVE;
				CLANG_WARN_UNREACHABLE_CODE = YES;
				CLANG_WARN__DUPLICATE_METHOD_MATCH = YES;
				COPY_PHASE_STRIP = NO;
				DEAD_CODE_STRIPPING = YES;
				DEBUG_INFORMATION_FORMAT = "dwarf-with-dsym";
				ENABLE_NS_ASSERTIONS = NO;
				ENABLE_STRICT_OBJC_MSGSEND = YES;
				ENABLE_USER_SCRIPT_SANDBOXING = YES;
				GCC_C_LANGUAGE_STANDARD = gnu17;
				GCC_NO_COMMON_BLOCKS = YES;
				GCC_WARN_64_TO_32_BIT_CONVERSION = YES;
				GCC_WARN_ABOUT_RETURN_TYPE = YES_ERROR;
				GCC_WARN_UNDECLARED_SELECTOR = YES;
				GCC_WARN_UNINITIALIZED_AUTOS = YES_AGGRESSIVE;
				GCC_WARN_UNUSED_FUNCTION = YES;
				GCC_WARN_UNUSED_VARIABLE = YES;
				LOCALIZATION_PREFERS_STRING_CATALOGS = YES;
				MTL_ENABLE_DEBUG_INFO = NO;
				MTL_FAST_MATH = YES;
				SWIFT_COMPILATION_MODE = wholemodule;
			};
			name = Release;
		};
		29C656E72C1D91F00049C74C /* Debug */ = {
			isa = XCBuildConfiguration;
			buildSettings = {
				ASSETCATALOG_COMPILER_APPICON_NAME = AppIcon;
				ASSETCATALOG_COMPILER_GLOBAL_ACCENT_COLOR_NAME = AccentColor;
				CODE_SIGN_ENTITLEMENTS = Gralometer/Gralometer.entitlements;
				CODE_SIGN_STYLE = Automatic;
				CURRENT_PROJECT_VERSION = 1;
				DEAD_CODE_STRIPPING = YES;
				DEVELOPMENT_ASSET_PATHS = "\"Gralometer/Preview Content\"";
				DEVELOPMENT_TEAM = 8L4B7AD85F;
				ENABLE_HARDENED_RUNTIME = YES;
				ENABLE_PREVIEWS = YES;
				GENERATE_INFOPLIST_FILE = YES;
				INFOPLIST_FILE = Gralometer/Info.plist;
				"INFOPLIST_KEY_UIApplicationSceneManifest_Generation[sdk=iphoneos*]" = YES;
				"INFOPLIST_KEY_UIApplicationSceneManifest_Generation[sdk=iphonesimulator*]" = YES;
				"INFOPLIST_KEY_UIApplicationSupportsIndirectInputEvents[sdk=iphoneos*]" = YES;
				"INFOPLIST_KEY_UIApplicationSupportsIndirectInputEvents[sdk=iphonesimulator*]" = YES;
				"INFOPLIST_KEY_UILaunchScreen_Generation[sdk=iphoneos*]" = YES;
				"INFOPLIST_KEY_UILaunchScreen_Generation[sdk=iphonesimulator*]" = YES;
				"INFOPLIST_KEY_UIStatusBarStyle[sdk=iphoneos*]" = UIStatusBarStyleDefault;
				"INFOPLIST_KEY_UIStatusBarStyle[sdk=iphonesimulator*]" = UIStatusBarStyleDefault;
				INFOPLIST_KEY_UISupportedInterfaceOrientations_iPad = "UIInterfaceOrientationPortrait UIInterfaceOrientationPortraitUpsideDown UIInterfaceOrientationLandscapeLeft UIInterfaceOrientationLandscapeRight";
				INFOPLIST_KEY_UISupportedInterfaceOrientations_iPhone = "UIInterfaceOrientationPortrait UIInterfaceOrientationLandscapeLeft UIInterfaceOrientationLandscapeRight";
				IPHONEOS_DEPLOYMENT_TARGET = 17.5;
				LD_RUNPATH_SEARCH_PATHS = "@executable_path/Frameworks";
				"LD_RUNPATH_SEARCH_PATHS[sdk=macosx*]" = "@executable_path/../Frameworks";
				MACOSX_DEPLOYMENT_TARGET = 14.5;
				MARKETING_VERSION = 1.0;
				PRODUCT_BUNDLE_IDENTIFIER = benoit.marcus.Gralometer;
				PRODUCT_NAME = "$(TARGET_NAME)";
				SDKROOT = auto;
				SUPPORTED_PLATFORMS = "iphoneos iphonesimulator macosx";
				SWIFT_EMIT_LOC_STRINGS = YES;
				SWIFT_VERSION = 5.0;
				TARGETED_DEVICE_FAMILY = "1,2";
			};
			name = Debug;
		};
		29C656E82C1D91F00049C74C /* Release */ = {
			isa = XCBuildConfiguration;
			buildSettings = {
				ASSETCATALOG_COMPILER_APPICON_NAME = AppIcon;
				ASSETCATALOG_COMPILER_GLOBAL_ACCENT_COLOR_NAME = AccentColor;
				CODE_SIGN_ENTITLEMENTS = Gralometer/Gralometer.entitlements;
				CODE_SIGN_STYLE = Automatic;
				CURRENT_PROJECT_VERSION = 1;
				DEAD_CODE_STRIPPING = YES;
				DEVELOPMENT_ASSET_PATHS = "\"Gralometer/Preview Content\"";
				DEVELOPMENT_TEAM = 8L4B7AD85F;
				ENABLE_HARDENED_RUNTIME = YES;
				ENABLE_PREVIEWS = YES;
				GENERATE_INFOPLIST_FILE = YES;
				INFOPLIST_FILE = Gralometer/Info.plist;
				"INFOPLIST_KEY_UIApplicationSceneManifest_Generation[sdk=iphoneos*]" = YES;
				"INFOPLIST_KEY_UIApplicationSceneManifest_Generation[sdk=iphonesimulator*]" = YES;
				"INFOPLIST_KEY_UIApplicationSupportsIndirectInputEvents[sdk=iphoneos*]" = YES;
				"INFOPLIST_KEY_UIApplicationSupportsIndirectInputEvents[sdk=iphonesimulator*]" = YES;
				"INFOPLIST_KEY_UILaunchScreen_Generation[sdk=iphoneos*]" = YES;
				"INFOPLIST_KEY_UILaunchScreen_Generation[sdk=iphonesimulator*]" = YES;
				"INFOPLIST_KEY_UIStatusBarStyle[sdk=iphoneos*]" = UIStatusBarStyleDefault;
				"INFOPLIST_KEY_UIStatusBarStyle[sdk=iphonesimulator*]" = UIStatusBarStyleDefault;
				INFOPLIST_KEY_UISupportedInterfaceOrientations_iPad = "UIInterfaceOrientationPortrait UIInterfaceOrientationPortraitUpsideDown UIInterfaceOrientationLandscapeLeft UIInterfaceOrientationLandscapeRight";
				INFOPLIST_KEY_UISupportedInterfaceOrientations_iPhone = "UIInterfaceOrientationPortrait UIInterfaceOrientationLandscapeLeft UIInterfaceOrientationLandscapeRight";
				IPHONEOS_DEPLOYMENT_TARGET = 17.5;
				LD_RUNPATH_SEARCH_PATHS = "@executable_path/Frameworks";
				"LD_RUNPATH_SEARCH_PATHS[sdk=macosx*]" = "@executable_path/../Frameworks";
				MACOSX_DEPLOYMENT_TARGET = 14.5;
				MARKETING_VERSION = 1.0;
				PRODUCT_BUNDLE_IDENTIFIER = benoit.marcus.Gralometer;
				PRODUCT_NAME = "$(TARGET_NAME)";
				SDKROOT = auto;
				SUPPORTED_PLATFORMS = "iphoneos iphonesimulator macosx";
				SWIFT_EMIT_LOC_STRINGS = YES;
				SWIFT_VERSION = 5.0;
				TARGETED_DEVICE_FAMILY = "1,2";
			};
			name = Release;
		};
/* End XCBuildConfiguration section */

/* Begin XCConfigurationList section */
		29C656D22C1D91EE0049C74C /* Build configuration list for PBXProject "Gralometer" */ = {
			isa = XCConfigurationList;
			buildConfigurations = (
				29C656E42C1D91F00049C74C /* Debug */,
				29C656E52C1D91F00049C74C /* Release */,
			);
			defaultConfigurationIsVisible = 0;
			defaultConfigurationName = Release;
		};
		29C656E62C1D91F00049C74C /* Build configuration list for PBXNativeTarget "Gralometer" */ = {
			isa = XCConfigurationList;
			buildConfigurations = (
				29C656E72C1D91F00049C74C /* Debug */,
				29C656E82C1D91F00049C74C /* Release */,
			);
			defaultConfigurationIsVisible = 0;
			defaultConfigurationName = Release;
		};
/* End XCConfigurationList section */

/* Begin XCRemoteSwiftPackageReference section */
		29226E022C984687002B6BA8 /* XCRemoteSwiftPackageReference "firebase-ios-sdk" */ = {
			isa = XCRemoteSwiftPackageReference;
			repositoryURL = "https://github.com/firebase/firebase-ios-sdk.git";
			requirement = {
				kind = upToNextMajorVersion;
				minimumVersion = 11.2.0;
			};
		};
		29682B4D2CA80F1F0035F251 /* XCRemoteSwiftPackageReference "GoogleSignIn-iOS" */ = {
			isa = XCRemoteSwiftPackageReference;
			repositoryURL = "https://github.com/google/GoogleSignIn-iOS.git";
			requirement = {
				kind = upToNextMajorVersion;
				minimumVersion = 8.0.0;
			};
		};
/* End XCRemoteSwiftPackageReference section */

/* Begin XCSwiftPackageProductDependency section */
		29226E032C984687002B6BA8 /* FirebaseAnalytics */ = {
			isa = XCSwiftPackageProductDependency;
			package = 29226E022C984687002B6BA8 /* XCRemoteSwiftPackageReference "firebase-ios-sdk" */;
			productName = FirebaseAnalytics;
		};
		29226E062C98584C002B6BA8 /* FirebaseAuth */ = {
			isa = XCSwiftPackageProductDependency;
			package = 29226E022C984687002B6BA8 /* XCRemoteSwiftPackageReference "firebase-ios-sdk" */;
			productName = FirebaseAuth;
		};
		29682B4E2CA80F1F0035F251 /* GoogleSignIn */ = {
			isa = XCSwiftPackageProductDependency;
			package = 29682B4D2CA80F1F0035F251 /* XCRemoteSwiftPackageReference "GoogleSignIn-iOS" */;
			productName = GoogleSignIn;
		};
		29682B502CA80F1F0035F251 /* GoogleSignInSwift */ = {
			isa = XCSwiftPackageProductDependency;
			package = 29682B4D2CA80F1F0035F251 /* XCRemoteSwiftPackageReference "GoogleSignIn-iOS" */;
			productName = GoogleSignInSwift;
		};
		299B919C2CB31FDB00C03FE7 /* FirebaseFirestore */ = {
			isa = XCSwiftPackageProductDependency;
			package = 29226E022C984687002B6BA8 /* XCRemoteSwiftPackageReference "firebase-ios-sdk" */;
			productName = FirebaseFirestore;
		};
/* End XCSwiftPackageProductDependency section */
	};
	rootObject = 29C656CF2C1D91EE0049C74C /* Project object */;
}
